
Microsoft Visual Studio Solution File, Format Version 12.00
# Visual Studio Version 17
VisualStudioVersion = 17.5.002.0
MinimumVisualStudioVersion = 10.0.40219.1
Project("{9A19103F-16F7-4668-BE54-9A1E7A4F7556}") = "DesafioPOO", "DesafioPOO.csproj", "{D5B1B6A4-6D3B-476B-A78D-BA835F1EDBFD}"
EndProject
Global
	GlobalSection(SolutionConfigurationPlatforms) = preSolution
		Debug|Any CPU = Debug|Any CPU
		Release|Any CPU = Release|Any CPU
	EndGlobalSection
	GlobalSection(ProjectConfigurationPlatforms) = postSolution
		{D5B1B6A4-6D3B-476B-A78D-BA835F1EDBFD}.Debug|Any CPU.ActiveCfg = Debug|Any CPU
		{D5B1B6A4-6D3B-476B-A78D-BA835F1EDBFD}.Debug|Any CPU.Build.0 = Debug|Any CPU
		{D5B1B6A4-6D3B-476B-A78D-BA835F1EDBFD}.Release|Any CPU.ActiveCfg = Release|Any CPU
		{D5B1B6A4-6D3B-476B-A78D-BA835F1EDBFD}.Release|Any CPU.Build.0 = Release|Any CPU
	EndGlobalSection
	GlobalSection(SolutionProperties) = preSolution
		HideSolutionNode = FALSE
	EndGlobalSection
	GlobalSection(ExtensibilityGlobals) = postSolution
		SolutionGuid = {50D0E252-37FF-495A-9FF7-01D60E0B6C91}
	EndGlobalSection
EndGlobal
